// !$*UTF8*$!
{
	archiveVersion = 1;
	classes = {
	};
	objectVersion = 50;
	objects = {

/* Begin PBXBuildFile section */
		118EE69520C8CC9C0054AF29 /* MediaPlayer.framework in Frameworks */ = {isa = PBXBuildFile; fileRef = 118EE69420C8CC9C0054AF29 /* MediaPlayer.framework */; };
		11D4B5D020C79A5900232A01 /* AppDelegate.m in Sources */ = {isa = PBXBuildFile; fileRef = 11D4B5CF20C79A5900232A01 /* AppDelegate.m */; };
		11D4B5D320C79A5900232A01 /* ViewController.m in Sources */ = {isa = PBXBuildFile; fileRef = 11D4B5D220C79A5900232A01 /* ViewController.m */; };
		11D4B5D620C79A5900232A01 /* Main.storyboard in Resources */ = {isa = PBXBuildFile; fileRef = 11D4B5D420C79A5900232A01 /* Main.storyboard */; };
		11D4B5D820C79A5A00232A01 /* Assets.xcassets in Resources */ = {isa = PBXBuildFile; fileRef = 11D4B5D720C79A5A00232A01 /* Assets.xcassets */; };
		11D4B5DB20C79A5A00232A01 /* LaunchScreen.storyboard in Resources */ = {isa = PBXBuildFile; fileRef = 11D4B5D920C79A5A00232A01 /* LaunchScreen.storyboard */; };
		11D4B5DE20C79A5A00232A01 /* main.m in Sources */ = {isa = PBXBuildFile; fileRef = 11D4B5DD20C79A5A00232A01 /* main.m */; };
		11D4B5E620C79B1200232A01 /* AVFoundation.framework in Frameworks */ = {isa = PBXBuildFile; fileRef = 11D4B5E520C79B1200232A01 /* AVFoundation.framework */; };
		11D4B5E920C7C48600232A01 /* BLEManager.m in Sources */ = {isa = PBXBuildFile; fileRef = 11D4B5E820C7C48600232A01 /* BLEManager.m */; };
		11D4B5ED20C7C65900232A01 /* BLEViewController.m in Sources */ = {isa = PBXBuildFile; fileRef = 11D4B5EB20C7C65900232A01 /* BLEViewController.m */; };
		11D4B5EE20C7C65900232A01 /* BLEViewController.xib in Resources */ = {isa = PBXBuildFile; fileRef = 11D4B5EC20C7C65900232A01 /* BLEViewController.xib */; };
		11D4B5F220C7C71600232A01 /* PeriperalTableViewCell.m in Sources */ = {isa = PBXBuildFile; fileRef = 11D4B5F020C7C71600232A01 /* PeriperalTableViewCell.m */; };
		11D4B5F320C7C71600232A01 /* PeriperalTableViewCell.xib in Resources */ = {isa = PBXBuildFile; fileRef = 11D4B5F120C7C71600232A01 /* PeriperalTableViewCell.xib */; };
/* End PBXBuildFile section */

/* Begin PBXFileReference section */
		118EE69420C8CC9C0054AF29 /* MediaPlayer.framework */ = {isa = PBXFileReference; lastKnownFileType = wrapper.framework; name = MediaPlayer.framework; path = System/Library/Frameworks/MediaPlayer.framework; sourceTree = SDKROOT; };
		11D4B5CB20C79A5900232A01 /* BlueAudio.app */ = {isa = PBXFileReference; explicitFileType = wrapper.application; includeInIndex = 0; path = BlueAudio.app; sourceTree = BUILT_PRODUCTS_DIR; };
		11D4B5CE20C79A5900232A01 /* AppDelegate.h */ = {isa = PBXFileReference; lastKnownFileType = sourcecode.c.h; path = AppDelegate.h; sourceTree = "<group>"; };
		11D4B5CF20C79A5900232A01 /* AppDelegate.m */ = {isa = PBXFileReference; lastKnownFileType = sourcecode.c.objc; path = AppDelegate.m; sourceTree = "<group>"; };
		11D4B5D120C79A5900232A01 /* ViewController.h */ = {isa = PBXFileReference; lastKnownFileType = sourcecode.c.h; path = ViewController.h; sourceTree = "<group>"; };
		11D4B5D220C79A5900232A01 /* ViewController.m */ = {isa = PBXFileReference; lastKnownFileType = sourcecode.c.objc; path = ViewController.m; sourceTree = "<group>"; };
		11D4B5D520C79A5900232A01 /* Base */ = {isa = PBXFileReference; lastKnownFileType = file.storyboard; name = Base; path = Base.lproj/Main.storyboard; sourceTree = "<group>"; };
		11D4B5D720C79A5A00232A01 /* Assets.xcassets */ = {isa = PBXFileReference; lastKnownFileType = folder.assetcatalog; path = Assets.xcassets; sourceTree = "<group>"; };
		11D4B5DA20C79A5A00232A01 /* Base */ = {isa = PBXFileReference; lastKnownFileType = file.storyboard; name = Base; path = Base.lproj/LaunchScreen.storyboard; sourceTree = "<group>"; };
		11D4B5DC20C79A5A00232A01 /* Info.plist */ = {isa = PBXFileReference; lastKnownFileType = text.plist.xml; path = Info.plist; sourceTree = "<group>"; };
		11D4B5DD20C79A5A00232A01 /* main.m */ = {isa = PBXFileReference; lastKnownFileType = sourcecode.c.objc; path = main.m; sourceTree = "<group>"; };
		11D4B5E520C79B1200232A01 /* AVFoundation.framework */ = {isa = PBXFileReference; lastKnownFileType = wrapper.framework; name = AVFoundation.framework; path = System/Library/Frameworks/AVFoundation.framework; sourceTree = SDKROOT; };
		11D4B5E720C7C48600232A01 /* BLEManager.h */ = {isa = PBXFileReference; lastKnownFileType = sourcecode.c.h; path = BLEManager.h; sourceTree = "<group>"; };
		11D4B5E820C7C48600232A01 /* BLEManager.m */ = {isa = PBXFileReference; lastKnownFileType = sourcecode.c.objc; path = BLEManager.m; sourceTree = "<group>"; };
		11D4B5EA20C7C65900232A01 /* BLEViewController.h */ = {isa = PBXFileReference; lastKnownFileType = sourcecode.c.h; path = BLEViewController.h; sourceTree = "<group>"; };
		11D4B5EB20C7C65900232A01 /* BLEViewController.m */ = {isa = PBXFileReference; lastKnownFileType = sourcecode.c.objc; path = BLEViewController.m; sourceTree = "<group>"; };
		11D4B5EC20C7C65900232A01 /* BLEViewController.xib */ = {isa = PBXFileReference; lastKnownFileType = file.xib; path = BLEViewController.xib; sourceTree = "<group>"; };
		11D4B5EF20C7C71600232A01 /* PeriperalTableViewCell.h */ = {isa = PBXFileReference; lastKnownFileType = sourcecode.c.h; path = PeriperalTableViewCell.h; sourceTree = "<group>"; };
		11D4B5F020C7C71600232A01 /* PeriperalTableViewCell.m */ = {isa = PBXFileReference; lastKnownFileType = sourcecode.c.objc; path = PeriperalTableViewCell.m; sourceTree = "<group>"; };
		11D4B5F120C7C71600232A01 /* PeriperalTableViewCell.xib */ = {isa = PBXFileReference; lastKnownFileType = file.xib; path = PeriperalTableViewCell.xib; sourceTree = "<group>"; };
/* End PBXFileReference section */

/* Begin PBXFrameworksBuildPhase section */
		11D4B5C820C79A5900232A01 /* Frameworks */ = {
			isa = PBXFrameworksBuildPhase;
			buildActionMask = 2147483647;
			files = (
				118EE69520C8CC9C0054AF29 /* MediaPlayer.framework in Frameworks */,
				11D4B5E620C79B1200232A01 /* AVFoundation.framework in Frameworks */,
			);
			runOnlyForDeploymentPostprocessing = 0;
		};
/* End PBXFrameworksBuildPhase section */

/* Begin PBXGroup section */
		11D4B5C220C79A5900232A01 = {
			isa = PBXGroup;
			children = (
				11D4B5CD20C79A5900232A01 /* BlueAudio */,
				11D4B5CC20C79A5900232A01 /* Products */,
				11D4B5E420C79B1200232A01 /* Frameworks */,
			);
			sourceTree = "<group>";
		};
		11D4B5CC20C79A5900232A01 /* Products */ = {
			isa = PBXGroup;
			children = (
				11D4B5CB20C79A5900232A01 /* BlueAudio.app */,
			);
			name = Products;
			sourceTree = "<group>";
		};
		11D4B5CD20C79A5900232A01 /* BlueAudio */ = {
			isa = PBXGroup;
			children = (
				11D4B5EA20C7C65900232A01 /* BLEViewController.h */,
				11D4B5EB20C7C65900232A01 /* BLEViewController.m */,
				11D4B5EC20C7C65900232A01 /* BLEViewController.xib */,
				11D4B5EF20C7C71600232A01 /* PeriperalTableViewCell.h */,
				11D4B5F020C7C71600232A01 /* PeriperalTableViewCell.m */,
				11D4B5F120C7C71600232A01 /* PeriperalTableViewCell.xib */,
				11D4B5CE20C79A5900232A01 /* AppDelegate.h */,
				11D4B5CF20C79A5900232A01 /* AppDelegate.m */,
				11D4B5E720C7C48600232A01 /* BLEManager.h */,
				11D4B5E820C7C48600232A01 /* BLEManager.m */,
				11D4B5D120C79A5900232A01 /* ViewController.h */,
				11D4B5D220C79A5900232A01 /* ViewController.m */,
				11D4B5D420C79A5900232A01 /* Main.storyboard */,
				11D4B5D720C79A5A00232A01 /* Assets.xcassets */,
				11D4B5D920C79A5A00232A01 /* LaunchScreen.storyboard */,
				11D4B5DC20C79A5A00232A01 /* Info.plist */,
				11D4B5DD20C79A5A00232A01 /* main.m */,
			);
			path = BlueAudio;
			sourceTree = "<group>";
		};
		11D4B5E420C79B1200232A01 /* Frameworks */ = {
			isa = PBXGroup;
			children = (
				118EE69420C8CC9C0054AF29 /* MediaPlayer.framework */,
				11D4B5E520C79B1200232A01 /* AVFoundation.framework */,
			);
			name = Frameworks;
			sourceTree = "<group>";
		};
/* End PBXGroup section */

/* Begin PBXNativeTarget section */
		11D4B5CA20C79A5900232A01 /* BlueAudio */ = {
			isa = PBXNativeTarget;
			buildConfigurationList = 11D4B5E120C79A5A00232A01 /* Build configuration list for PBXNativeTarget "BlueAudio" */;
			buildPhases = (
				11D4B5C720C79A5900232A01 /* Sources */,
				11D4B5C820C79A5900232A01 /* Frameworks */,
				11D4B5C920C79A5900232A01 /* Resources */,
			);
			buildRules = (
			);
			dependencies = (
			);
			name = BlueAudio;
			productName = BlueAudio;
			productReference = 11D4B5CB20C79A5900232A01 /* BlueAudio.app */;
			productType = "com.apple.product-type.application";
		};
/* End PBXNativeTarget section */

/* Begin PBXProject section */
		11D4B5C320C79A5900232A01 /* Project object */ = {
			isa = PBXProject;
			attributes = {
				LastUpgradeCheck = 0940;
				ORGANIZATIONNAME = "姚晓丙";
				TargetAttributes = {
					11D4B5CA20C79A5900232A01 = {
						CreatedOnToolsVersion = 9.4;
						SystemCapabilities = {
							com.apple.BackgroundModes = {
								enabled = 1;
							};
						};
					};
				};
			};
			buildConfigurationList = 11D4B5C620C79A5900232A01 /* Build configuration list for PBXProject "BlueAudio" */;
			compatibilityVersion = "Xcode 9.3";
			developmentRegion = en;
			hasScannedForEncodings = 0;
			knownRegions = (
				en,
				Base,
			);
			mainGroup = 11D4B5C220C79A5900232A01;
			productRefGroup = 11D4B5CC20C79A5900232A01 /* Products */;
			projectDirPath = "";
			projectRoot = "";
			targets = (
				11D4B5CA20C79A5900232A01 /* BlueAudio */,
			);
		};
/* End PBXProject section */

/* Begin PBXResourcesBuildPhase section */
		11D4B5C920C79A5900232A01 /* Resources */ = {
			isa = PBXResourcesBuildPhase;
			buildActionMask = 2147483647;
			files = (
				11D4B5EE20C7C65900232A01 /* BLEViewController.xib in Resources */,
				11D4B5DB20C79A5A00232A01 /* LaunchScreen.storyboard in Resources */,
				11D4B5D820C79A5A00232A01 /* Assets.xcassets in Resources */,
				11D4B5F320C7C71600232A01 /* PeriperalTableViewCell.xib in Resources */,
				11D4B5D620C79A5900232A01 /* Main.storyboard in Resources */,
			);
			runOnlyForDeploymentPostprocessing = 0;
		};
/* End PBXResourcesBuildPhase section */

/* Begin PBXSourcesBuildPhase section */
		11D4B5C720C79A5900232A01 /* Sources */ = {
			isa = PBXSourcesBuildPhase;
			buildActionMask = 2147483647;
			files = (
				11D4B5D320C79A5900232A01 /* ViewController.m in Sources */,
				11D4B5ED20C7C65900232A01 /* BLEViewController.m in Sources */,
				11D4B5F220C7C71600232A01 /* PeriperalTableViewCell.m in Sources */,
				11D4B5E920C7C48600232A01 /* BLEManager.m in Sources */,
				11D4B5DE20C79A5A00232A01 /* main.m in Sources */,
				11D4B5D020C79A5900232A01 /* AppDelegate.m in Sources */,
			);
			runOnlyForDeploymentPostprocessing = 0;
		};
/* End PBXSourcesBuildPhase section */

/* Begin PBXVariantGroup section */
		11D4B5D420C79A5900232A01 /* Main.storyboard */ = {
			isa = PBXVariantGroup;
			children = (
				11D4B5D520C79A5900232A01 /* Base */,
			);
			name = Main.storyboard;
			sourceTree = "<group>";
		};
		11D4B5D920C79A5A00232A01 /* LaunchScreen.storyboard */ = {
			isa = PBXVariantGroup;
			children = (
				11D4B5DA20C79A5A00232A01 /* Base */,
			);
			name = LaunchScreen.storyboard;
			sourceTree = "<group>";
		};
/* End PBXVariantGroup section */

/* Begin XCBuildConfiguration section */
		11D4B5DF20C79A5A00232A01 /* Debug */ = {
			isa = XCBuildConfiguration;
			buildSettings = {
				ALWAYS_SEARCH_USER_PATHS = NO;
				CLANG_ANALYZER_NONNULL = YES;
				CLANG_ANALYZER_NUMBER_OBJECT_CONVERSION = YES_AGGRESSIVE;
				CLANG_CXX_LANGUAGE_STANDARD = "gnu++14";
				CLANG_CXX_LIBRARY = "libc++";
				CLANG_ENABLE_MODULES = YES;
				CLANG_ENABLE_OBJC_ARC = YES;
				CLANG_ENABLE_OBJC_WEAK = YES;
				CLANG_WARN_BLOCK_CAPTURE_AUTORELEASING = YES;
				CLANG_WARN_BOOL_CONVERSION = YES;
				CLANG_WARN_COMMA = YES;
				CLANG_WARN_CONSTANT_CONVERSION = YES;
				CLANG_WARN_DEPRECATED_OBJC_IMPLEMENTATIONS = YES;
				CLANG_WARN_DIRECT_OBJC_ISA_USAGE = YES_ERROR;
				CLANG_WARN_DOCUMENTATION_COMMENTS = YES;
				CLANG_WARN_EMPTY_BODY = YES;
				CLANG_WARN_ENUM_CONVERSION = YES;
				CLANG_WARN_INFINITE_RECURSION = YES;
				CLANG_WARN_INT_CONVERSION = YES;
				CLANG_WARN_NON_LITERAL_NULL_CONVERSION = YES;
				CLANG_WARN_OBJC_IMPLICIT_RETAIN_SELF = YES;
				CLANG_WARN_OBJC_LITERAL_CONVERSION = YES;
				CLANG_WARN_OBJC_ROOT_CLASS = YES_ERROR;
				CLANG_WARN_RANGE_LOOP_ANALYSIS = YES;
				CLANG_WARN_STRICT_PROTOTYPES = YES;
				CLANG_WARN_SUSPICIOUS_MOVE = YES;
				CLANG_WARN_UNGUARDED_AVAILABILITY = YES_AGGRESSIVE;
				CLANG_WARN_UNREACHABLE_CODE = YES;
				CLANG_WARN__DUPLICATE_METHOD_MATCH = YES;
				CODE_SIGN_IDENTITY = "iPhone Developer";
				COPY_PHASE_STRIP = NO;
				DEBUG_INFORMATION_FORMAT = dwarf;
				ENABLE_STRICT_OBJC_MSGSEND = YES;
				ENABLE_TESTABILITY = YES;
				GCC_C_LANGUAGE_STANDARD = gnu11;
				GCC_DYNAMIC_NO_PIC = NO;
				GCC_NO_COMMON_BLOCKS = YES;
				GCC_OPTIMIZATION_LEVEL = 0;
				GCC_PREPROCESSOR_DEFINITIONS = (
					"DEBUG=1",
					"$(inherited)",
				);
				GCC_WARN_64_TO_32_BIT_CONVERSION = YES;
				GCC_WARN_ABOUT_RETURN_TYPE = YES_ERROR;
				GCC_WARN_UNDECLARED_SELECTOR = YES;
				GCC_WARN_UNINITIALIZED_AUTOS = YES_AGGRESSIVE;
				GCC_WARN_UNUSED_FUNCTION = YES;
				GCC_WARN_UNUSED_VARIABLE = YES;
				IPHONEOS_DEPLOYMENT_TARGET = 11.4;
				MTL_ENABLE_DEBUG_INFO = YES;
				ONLY_ACTIVE_ARCH = YES;
				SDKROOT = iphoneos;
			};
			name = Debug;
		};
		11D4B5E020C79A5A00232A01 /* Release */ = {
			isa = XCBuildConfiguration;
			buildSettings = {
				ALWAYS_SEARCH_USER_PATHS = NO;
				CLANG_ANALYZER_NONNULL = YES;
				CLANG_ANALYZER_NUMBER_OBJECT_CONVERSION = YES_AGGRESSIVE;
				CLANG_CXX_LANGUAGE_STANDARD = "gnu++14";
				CLANG_CXX_LIBRARY = "libc++";
				CLANG_ENABLE_MODULES = YES;
				CLANG_ENABLE_OBJC_ARC = YES;
				CLANG_ENABLE_OBJC_WEAK = YES;
				CLANG_WARN_BLOCK_CAPTURE_AUTORELEASING = YES;
				CLANG_WARN_BOOL_CONVERSION = YES;
				CLANG_WARN_COMMA = YES;
				CLANG_WARN_CONSTANT_CONVERSION = YES;
				CLANG_WARN_DEPRECATED_OBJC_IMPLEMENTATIONS = YES;
				CLANG_WARN_DIRECT_OBJC_ISA_USAGE = YES_ERROR;
				CLANG_WARN_DOCUMENTATION_COMMENTS = YES;
				CLANG_WARN_EMPTY_BODY = YES;
				CLANG_WARN_ENUM_CONVERSION = YES;
				CLANG_WARN_INFINITE_RECURSION = YES;
				CLANG_WARN_INT_CONVERSION = YES;
				CLANG_WARN_NON_LITERAL_NULL_CONVERSION = YES;
				CLANG_WARN_OBJC_IMPLICIT_RETAIN_SELF = YES;
				CLANG_WARN_OBJC_LITERAL_CONVERSION = YES;
				CLANG_WARN_OBJC_ROOT_CLASS = YES_ERROR;
				CLANG_WARN_RANGE_LOOP_ANALYSIS = YES;
				CLANG_WARN_STRICT_PROTOTYPES = YES;
				CLANG_WARN_SUSPICIOUS_MOVE = YES;
				CLANG_WARN_UNGUARDED_AVAILABILITY = YES_AGGRESSIVE;
				CLANG_WARN_UNREACHABLE_CODE = YES;
				CLANG_WARN__DUPLICATE_METHOD_MATCH = YES;
				CODE_SIGN_IDENTITY = "iPhone Developer";
				COPY_PHASE_STRIP = NO;
				DEBUG_INFORMATION_FORMAT = "dwarf-with-dsym";
				ENABLE_NS_ASSERTIONS = NO;
				ENABLE_STRICT_OBJC_MSGSEND = YES;
				GCC_C_LANGUAGE_STANDARD = gnu11;
				GCC_NO_COMMON_BLOCKS = YES;
				GCC_WARN_64_TO_32_BIT_CONVERSION = YES;
				GCC_WARN_ABOUT_RETURN_TYPE = YES_ERROR;
				GCC_WARN_UNDECLARED_SELECTOR = YES;
				GCC_WARN_UNINITIALIZED_AUTOS = YES_AGGRESSIVE;
				GCC_WARN_UNUSED_FUNCTION = YES;
				GCC_WARN_UNUSED_VARIABLE = YES;
				IPHONEOS_DEPLOYMENT_TARGET = 11.4;
				MTL_ENABLE_DEBUG_INFO = NO;
				SDKROOT = iphoneos;
				VALIDATE_PRODUCT = YES;
			};
			name = Release;
		};
		11D4B5E220C79A5A00232A01 /* Debug */ = {
			isa = XCBuildConfiguration;
			buildSettings = {
				ASSETCATALOG_COMPILER_APPICON_NAME = AppIcon;
				CODE_SIGN_IDENTITY = "iPhone Developer: Shuo Kuang (6725HN3H86)";
				CODE_SIGN_STYLE = Manual;
				DEVELOPMENT_TEAM = DQ7WAE25WZ;
				INFOPLIST_FILE = BlueAudio/Info.plist;
				LD_RUNPATH_SEARCH_PATHS = (
					"$(inherited)",
					"@executable_path/Frameworks",
				);
				PRODUCT_BUNDLE_IDENTIFIER = com.boxin.blueAudio;
				PRODUCT_NAME = "$(TARGET_NAME)";
				PROVISIONING_PROFILE = "43c40c8b-2ef6-46ae-9cad-b18475b48633";
				PROVISIONING_PROFILE_SPECIFIER = all_pattern;
				TARGETED_DEVICE_FAMILY = "1,2";
			};
			name = Debug;
		};
		11D4B5E320C79A5A00232A01 /* Release */ = {
			isa = XCBuildConfiguration;
			buildSettings = {
				ASSETCATALOG_COMPILER_APPICON_NAME = AppIcon;
				CODE_SIGN_IDENTITY = "iPhone Developer: Shuo Kuang (6725HN3H86)";
				CODE_SIGN_STYLE = Manual;
				DEVELOPMENT_TEAM = "";
				INFOPLIST_FILE = BlueAudio/Info.plist;
				LD_RUNPATH_SEARCH_PATHS = (
					"$(inherited)",
					"@executable_path/Frameworks",
				);
				PRODUCT_BUNDLE_IDENTIFIER = com.boxin.blueAudio;
				PRODUCT_NAME = "$(TARGET_NAME)";
				PROVISIONING_PROFILE_SPECIFIER = "";
				TARGETED_DEVICE_FAMILY = "1,2";
			};
			name = Release;
		};
/* End XCBuildConfiguration section */

/* Begin XCConfigurationList section */
		11D4B5C620C79A5900232A01 /* Build configuration list for PBXProject "BlueAudio" */ = {
			isa = XCConfigurationList;
			buildConfigurations = (
				11D4B5DF20C79A5A00232A01 /* Debug */,
				11D4B5E020C79A5A00232A01 /* Release */,
			);
			defaultConfigurationIsVisible = 0;
			defaultConfigurationName = Release;
		};
		11D4B5E120C79A5A00232A01 /* Build configuration list for PBXNativeTarget "BlueAudio" */ = {
			isa = XCConfigurationList;
			buildConfigurations = (
				11D4B5E220C79A5A00232A01 /* Debug */,
				11D4B5E320C79A5A00232A01 /* Release */,
			);
			defaultConfigurationIsVisible = 0;
			defaultConfigurationName = Release;
		};
/* End XCConfigurationList section */
	};
	rootObject = 11D4B5C320C79A5900232A01 /* Project object */;
}
